
Microsoft Visual Studio Solution File, Format Version 12.00
# Visual Studio Version 16
VisualStudioVersion = 16.0.29613.14
MinimumVisualStudioVersion = 10.0.40219.1
Project("{9A19103F-16F7-4668-BE54-9A1E7A4F7556}") = "Books_Frontend", "Books_Frontend.csproj", "{B0ECCE93-769E-48CB-9F61-60221395638F}"
EndProject
Global
	GlobalSection(SolutionConfigurationPlatforms) = preSolution
		Debug|Any CPU = Debug|Any CPU
		Release|Any CPU = Release|Any CPU
	EndGlobalSection
	GlobalSection(ProjectConfigurationPlatforms) = postSolution
		{B0ECCE93-769E-48CB-9F61-60221395638F}.Debug|Any CPU.ActiveCfg = Debug|Any CPU
		{B0ECCE93-769E-48CB-9F61-60221395638F}.Debug|Any CPU.Build.0 = Debug|Any CPU
		{B0ECCE93-769E-48CB-9F61-60221395638F}.Release|Any CPU.ActiveCfg = Release|Any CPU
		{B0ECCE93-769E-48CB-9F61-60221395638F}.Release|Any CPU.Build.0 = Release|Any CPU
	EndGlobalSection
	GlobalSection(SolutionProperties) = preSolution
		HideSolutionNode = FALSE
	EndGlobalSection
	GlobalSection(ExtensibilityGlobals) = postSolution
		SolutionGuid = {90659CE9-29E6-4D1C-B6A3-CD1AFABF555F}
	EndGlobalSection
EndGlobal
